
Microsoft Visual Studio Solution File, Format Version 12.00
# Visual Studio Version 17
VisualStudioVersion = 17.13.35913.81 d17.13
MinimumVisualStudioVersion = 10.0.40219.1
Project("{FAE04EC0-301F-11D3-BF4B-00C04F79EFBC}") = "Dowhile", "Dowhile.csproj", "{03078319-0294-4263-A205-8CAC8838C161}"
EndProject
Global
	GlobalSection(SolutionConfigurationPlatforms) = preSolution
		Debug|Any CPU = Debug|Any CPU
		Release|Any CPU = Release|Any CPU
	EndGlobalSection
	GlobalSection(ProjectConfigurationPlatforms) = postSolution
		{03078319-0294-4263-A205-8CAC8838C161}.Debug|Any CPU.ActiveCfg = Debug|Any CPU
		{03078319-0294-4263-A205-8CAC8838C161}.Debug|Any CPU.Build.0 = Debug|Any CPU
		{03078319-0294-4263-A205-8CAC8838C161}.Release|Any CPU.ActiveCfg = Release|Any CPU
		{03078319-0294-4263-A205-8CAC8838C161}.Release|Any CPU.Build.0 = Release|Any CPU
	EndGlobalSection
	GlobalSection(SolutionProperties) = preSolution
		HideSolutionNode = FALSE
	EndGlobalSection
	GlobalSection(ExtensibilityGlobals) = postSolution
		SolutionGuid = {1F3985B5-3737-410D-A08C-8CF6D61A9D3E}
	EndGlobalSection
EndGlobal
